Microsoft Visual Studio Solution File, Format Version 12.00
# Visual Studio Version 17
VisualStudioVersion = 17.5.2.0
MinimumVisualStudioVersion = 10.0.40219.1
Project("{FAE04EC0-301F-11D3-BF4B-00C04F79EFBC}") = "Sistema-de-Gerenciamento-de-Manuten-o-Computadores---POO", "Sistema-de-Gerenciamento-de-Manuten-o-Computadores---POO.csproj", "{2C688B68-106A-9B96-6700-E38CEA7B8681}"
EndProject
Global
	GlobalSection(SolutionConfigurationPlatforms) = preSolution
		Debug|Any CPU = Debug|Any CPU
		Release|Any CPU = Release|Any CPU
	EndGlobalSection
	GlobalSection(ProjectConfigurationPlatforms) = postSolution
		{2C688B68-106A-9B96-6700-E38CEA7B8681}.Debug|Any CPU.ActiveCfg = Debug|Any CPU
		{2C688B68-106A-9B96-6700-E38CEA7B8681}.Debug|Any CPU.Build.0 = Debug|Any CPU
		{2C688B68-106A-9B96-6700-E38CEA7B8681}.Release|Any CPU.ActiveCfg = Release|Any CPU
		{2C688B68-106A-9B96-6700-E38CEA7B8681}.Release|Any CPU.Build.0 = Release|Any CPU
	EndGlobalSection
	GlobalSection(SolutionProperties) = preSolution
		HideSolutionNode = FALSE
	EndGlobalSection
	GlobalSection(ExtensibilityGlobals) = postSolution
		SolutionGuid = {54C0C2F1-3AC6-4DEB-B34C-563A6973F8B3}
	EndGlobalSection
EndGlobal
